
Microsoft Visual Studio Solution File, Format Version 11.00
# Visual Studio 2010
Project("{FAE04EC0-301F-11D3-BF4B-00C04F79EFBC}") = "Sample20180705", "Assembly-CSharp.csproj", "{EB03342B-693F-C82B-AC09-645DD94B31C5}"
EndProject
Project("{FAE04EC0-301F-11D3-BF4B-00C04F79EFBC}") = "Sample20180705", "Assembly-CSharp-firstpass.csproj", "{7B66A202-E4D7-22B0-149D-2CEBE0C1E33E}"
EndProject
Project("{FAE04EC0-301F-11D3-BF4B-00C04F79EFBC}") = "Sample20180705", "Assembly-CSharp-Editor-firstpass.csproj", "{4635FEBE-6EDF-F6EC-91C8-3208D8F13BD2}"
EndProject
Global
	GlobalSection(SolutionConfigurationPlatforms) = preSolution
		Debug|Any CPU = Debug|Any CPU
		Release|Any CPU = Release|Any CPU
	EndGlobalSection
	GlobalSection(ProjectConfigurationPlatforms) = postSolution
		{EB03342B-693F-C82B-AC09-645DD94B31C5}.Debug|Any CPU.ActiveCfg = Debug|Any CPU
		{EB03342B-693F-C82B-AC09-645DD94B31C5}.Debug|Any CPU.Build.0 = Debug|Any CPU
		{EB03342B-693F-C82B-AC09-645DD94B31C5}.Release|Any CPU.ActiveCfg = Release|Any CPU
		{EB03342B-693F-C82B-AC09-645DD94B31C5}.Release|Any CPU.Build.0 = Release|Any CPU
		{7B66A202-E4D7-22B0-149D-2CEBE0C1E33E}.Debug|Any CPU.ActiveCfg = Debug|Any CPU
		{7B66A202-E4D7-22B0-149D-2CEBE0C1E33E}.Debug|Any CPU.Build.0 = Debug|Any CPU
		{7B66A202-E4D7-22B0-149D-2CEBE0C1E33E}.Release|Any CPU.ActiveCfg = Release|Any CPU
		{7B66A202-E4D7-22B0-149D-2CEBE0C1E33E}.Release|Any CPU.Build.0 = Release|Any CPU
		{4635FEBE-6EDF-F6EC-91C8-3208D8F13BD2}.Debug|Any CPU.ActiveCfg = Debug|Any CPU
		{4635FEBE-6EDF-F6EC-91C8-3208D8F13BD2}.Debug|Any CPU.Build.0 = Debug|Any CPU
		{4635FEBE-6EDF-F6EC-91C8-3208D8F13BD2}.Release|Any CPU.ActiveCfg = Release|Any CPU
		{4635FEBE-6EDF-F6EC-91C8-3208D8F13BD2}.Release|Any CPU.Build.0 = Release|Any CPU
	EndGlobalSection
	GlobalSection(SolutionProperties) = preSolution
		HideSolutionNode = FALSE
	EndGlobalSection
	GlobalSection(MonoDevelopProperties) = preSolution
		StartupItem = Assembly-CSharp.csproj
	EndGlobalSection
EndGlobal
